
Microsoft Visual Studio Solution File, Format Version 12.00
# Visual Studio Version 16
VisualStudioVersion = 16.0.32901.82
MinimumVisualStudioVersion = 10.0.40219.1
Project("{8BC9CEB8-8B4A-11D0-8D11-00A0C91BC942}") = "Group8", "Group8.vcxproj", "{7C005A53-C6D5-4562-9501-DBC211525337}"
EndProject
Global
	GlobalSection(SolutionConfigurationPlatforms) = preSolution
		Debug|x64 = Debug|x64
		Debug|x86 = Debug|x86
		Release|x64 = Release|x64
		Release|x86 = Release|x86
	EndGlobalSection
	GlobalSection(ProjectConfigurationPlatforms) = postSolution
		{7C005A53-C6D5-4562-9501-DBC211525337}.Debug|x64.ActiveCfg = Debug|x64
		{7C005A53-C6D5-4562-9501-DBC211525337}.Debug|x64.Build.0 = Debug|x64
		{7C005A53-C6D5-4562-9501-DBC211525337}.Debug|x86.ActiveCfg = Debug|Win32
		{7C005A53-C6D5-4562-9501-DBC211525337}.Debug|x86.Build.0 = Debug|Win32
		{7C005A53-C6D5-4562-9501-DBC211525337}.Release|x64.ActiveCfg = Release|x64
		{7C005A53-C6D5-4562-9501-DBC211525337}.Release|x64.Build.0 = Release|x64
		{7C005A53-C6D5-4562-9501-DBC211525337}.Release|x86.ActiveCfg = Release|Win32
		{7C005A53-C6D5-4562-9501-DBC211525337}.Release|x86.Build.0 = Release|Win32
	EndGlobalSection
	GlobalSection(SolutionProperties) = preSolution
		HideSolutionNode = FALSE
	EndGlobalSection
	GlobalSection(ExtensibilityGlobals) = postSolution
		SolutionGuid = {D363B534-26E8-4A51-B373-1FB937A00D63}
	EndGlobalSection
EndGlobal
